// !$*UTF8*$!
{
	archiveVersion = 1;
	classes = {
	};
	objectVersion = 50;
	objects = {

/* Begin PBXBuildFile section */
		1A16C34620F66BE700616F51 /* AppDelegate.swift in Sources */ = {isa = PBXBuildFile; fileRef = 1A16C34520F66BE700616F51 /* AppDelegate.swift */; };
		1A16C34B20F66BE700616F51 /* Main.storyboard in Resources */ = {isa = PBXBuildFile; fileRef = 1A16C34920F66BE700616F51 /* Main.storyboard */; };
		1A16C34D20F66BE800616F51 /* Assets.xcassets in Resources */ = {isa = PBXBuildFile; fileRef = 1A16C34C20F66BE800616F51 /* Assets.xcassets */; };
		1A16C35020F66BE800616F51 /* LaunchScreen.storyboard in Resources */ = {isa = PBXBuildFile; fileRef = 1A16C34E20F66BE800616F51 /* LaunchScreen.storyboard */; };
		1A16C3A720F66FD700616F51 /* AwesomeWeaponModel.h in Headers */ = {isa = PBXBuildFile; fileRef = 1A16C3A520F66FD700616F51 /* AwesomeWeaponModel.h */; settings = {ATTRIBUTES = (Public, ); }; };
		1A16C3AA20F66FD700616F51 /* AwesomeWeaponModel.framework in Frameworks */ = {isa = PBXBuildFile; fileRef = 1A16C3A320F66FD700616F51 /* AwesomeWeaponModel.framework */; };
		1A16C3AB20F66FD700616F51 /* AwesomeWeaponModel.framework in Embed Frameworks */ = {isa = PBXBuildFile; fileRef = 1A16C3A320F66FD700616F51 /* AwesomeWeaponModel.framework */; settings = {ATTRIBUTES = (CodeSignOnCopy, RemoveHeadersOnCopy, ); }; };
		1A16C3AF20F66FE400616F51 /* Weapon.swift in Sources */ = {isa = PBXBuildFile; fileRef = 1A16C39920F66F1400616F51 /* Weapon.swift */; };
		1A16C3B220F6700E00616F51 /* Weapon+Interactor.swift in Sources */ = {isa = PBXBuildFile; fileRef = 1A16C3B120F6700E00616F51 /* Weapon+Interactor.swift */; };
		1A16C3B420F6701B00616F51 /* Weapon+Store.swift in Sources */ = {isa = PBXBuildFile; fileRef = 1A16C3B320F6701B00616F51 /* Weapon+Store.swift */; };
		1A16C3B720F67DF800616F51 /* App.swift in Sources */ = {isa = PBXBuildFile; fileRef = 1A16C3B620F67DF800616F51 /* App.swift */; };
		1A28FF0121DEBAC200222493 /* Deal.swift in Sources */ = {isa = PBXBuildFile; fileRef = 1A28FF0021DEBAC200222493 /* Deal.swift */; };
		1A28FF0421DEBADB00222493 /* Deal+Cells.swift in Sources */ = {isa = PBXBuildFile; fileRef = 1A28FF0321DEBADB00222493 /* Deal+Cells.swift */; };
		1A28FF0921E41C1E00222493 /* User+Scenes.swift in Sources */ = {isa = PBXBuildFile; fileRef = 1A28FF0821E41C1E00222493 /* User+Scenes.swift */; };
		1A28FF0B21E53E5700222493 /* ReusableCellDrivenView.swift in Sources */ = {isa = PBXBuildFile; fileRef = 1A28FF0A21E53E5700222493 /* ReusableCellDrivenView.swift */; };
		1A6DCE9D21CC4A96002C5FC0 /* COGuide.h in Headers */ = {isa = PBXBuildFile; fileRef = 1A6DCE9B21CC4A96002C5FC0 /* COGuide.h */; settings = {ATTRIBUTES = (Public, ); }; };
		1A6DCEA021CC4A96002C5FC0 /* COGuide.framework in Frameworks */ = {isa = PBXBuildFile; fileRef = 1A6DCE9921CC4A95002C5FC0 /* COGuide.framework */; };
		1A6DCEA121CC4A96002C5FC0 /* COGuide.framework in Embed Frameworks */ = {isa = PBXBuildFile; fileRef = 1A6DCE9921CC4A95002C5FC0 /* COGuide.framework */; settings = {ATTRIBUTES = (CodeSignOnCopy, RemoveHeadersOnCopy, ); }; };
		1A6DCEA721CC4AB5002C5FC0 /* COG.swift in Sources */ = {isa = PBXBuildFile; fileRef = 1A6DCEA621CC4AB5002C5FC0 /* COG.swift */; };
		1A6DCEB121CC4FA5002C5FC0 /* GuidedComponent+ForStoryboard.swift in Sources */ = {isa = PBXBuildFile; fileRef = 1A6DCEB021CC4FA5002C5FC0 /* GuidedComponent+ForStoryboard.swift */; };
		1A6DCEB321CC4FB2002C5FC0 /* GuidedComponent+ForReuse.swift in Sources */ = {isa = PBXBuildFile; fileRef = 1A6DCEB221CC4FB2002C5FC0 /* GuidedComponent+ForReuse.swift */; };
		1A6DCEB521CC5028002C5FC0 /* GuidedComponent.swift in Sources */ = {isa = PBXBuildFile; fileRef = 1A6DCEB421CC5028002C5FC0 /* GuidedComponent.swift */; };
		1A6DCEB921CC517D002C5FC0 /* GuidedCollectionReusableView.swift in Sources */ = {isa = PBXBuildFile; fileRef = 1A6DCEB821CC517D002C5FC0 /* GuidedCollectionReusableView.swift */; };
		1A6DCEBC21CC51CD002C5FC0 /* CollectionView+ReusableViews.swift in Sources */ = {isa = PBXBuildFile; fileRef = 1A6DCEBB21CC51CD002C5FC0 /* CollectionView+ReusableViews.swift */; };
		1A6DCEC121CC537C002C5FC0 /* CellNib.swift in Sources */ = {isa = PBXBuildFile; fileRef = 1A6DCEC021CC537C002C5FC0 /* CellNib.swift */; };
		1A6DCEC321CC53F6002C5FC0 /* GuidedCell.swift in Sources */ = {isa = PBXBuildFile; fileRef = 1A6DCEC221CC53F6002C5FC0 /* GuidedCell.swift */; };
		1A6DCEC821CC5702002C5FC0 /* GuidedCell+FilledWithView.swift in Sources */ = {isa = PBXBuildFile; fileRef = 1A6DCEC721CC5702002C5FC0 /* GuidedCell+FilledWithView.swift */; };
		1A6DCEC921CC589D002C5FC0 /* Store.swift in Sources */ = {isa = PBXBuildFile; fileRef = 1A7D0AAB21ACBCC50044011F /* Store.swift */; };
		1A6DCECA21CC58A0002C5FC0 /* ArrayStore.swift in Sources */ = {isa = PBXBuildFile; fileRef = 1A7D0AC221AE0A520044011F /* ArrayStore.swift */; };
		1A6DCECB21CC58A4002C5FC0 /* ArrayStore+Reducer.swift in Sources */ = {isa = PBXBuildFile; fileRef = 1A7D0AC421AE0A5B0044011F /* ArrayStore+Reducer.swift */; };
		1A6DCECC21CC58A7002C5FC0 /* ArrayStore+CollectionInterface.swift in Sources */ = {isa = PBXBuildFile; fileRef = 1A7D0AC621AE0A670044011F /* ArrayStore+CollectionInterface.swift */; };
		1A6DCECE21CC58DE002C5FC0 /* StoreArrayDatasource.swift in Sources */ = {isa = PBXBuildFile; fileRef = 1A16C37520F66D7100616F51 /* StoreArrayDatasource.swift */; };
		1A6DCECF21CC58E2002C5FC0 /* CollectionDataSource.swift in Sources */ = {isa = PBXBuildFile; fileRef = 1A16C37020F66D7100616F51 /* CollectionDataSource.swift */; };
		1A6DCED021CC58E6002C5FC0 /* CompositeDatasource.swift in Sources */ = {isa = PBXBuildFile; fileRef = 1A16C37620F66D7100616F51 /* CompositeDatasource.swift */; };
		1A6DCED421CC5975002C5FC0 /* Observable.swift in Sources */ = {isa = PBXBuildFile; fileRef = 1A47400E2162C251003D75F0 /* Observable.swift */; };
		1A6DCED521CC5979002C5FC0 /* Observable+Event.swift in Sources */ = {isa = PBXBuildFile; fileRef = 1A7D0AA721ACBC4C0044011F /* Observable+Event.swift */; };
		1A6DCED621CC597C002C5FC0 /* Reducible.swift in Sources */ = {isa = PBXBuildFile; fileRef = 1A4740092162C0FE003D75F0 /* Reducible.swift */; };
		1A6DCED721CC597F002C5FC0 /* Reducer+Observable.swift in Sources */ = {isa = PBXBuildFile; fileRef = 1A7D0AB221ADF1BA0044011F /* Reducer+Observable.swift */; };
		1A6DCED821CC59DD002C5FC0 /* Collection+Interface.swift in Sources */ = {isa = PBXBuildFile; fileRef = 1A7D0AB721ADFFD40044011F /* Collection+Interface.swift */; };
		1A6DCEDA21CC62F5002C5FC0 /* GuidedCollectionViewCell.swift in Sources */ = {isa = PBXBuildFile; fileRef = 1A6DCED921CC62F5002C5FC0 /* GuidedCollectionViewCell.swift */; };
		1A6DCEDC21CC638F002C5FC0 /* GuidedCollectionViewCellCase.swift in Sources */ = {isa = PBXBuildFile; fileRef = 1A6DCEDB21CC638F002C5FC0 /* GuidedCollectionViewCellCase.swift */; };
		1A6DCEDD21CC6788002C5FC0 /* COGuide.framework in Frameworks */ = {isa = PBXBuildFile; fileRef = 1A6DCE9921CC4A95002C5FC0 /* COGuide.framework */; };
		1A6DCEDE21CC68C3002C5FC0 /* ViewBuilder.swift in Sources */ = {isa = PBXBuildFile; fileRef = 1A16C37920F66D7200616F51 /* ViewBuilder.swift */; };
		1A6DCEDF21CC68C8002C5FC0 /* CollectionViewVerticalFlowLayout.swift in Sources */ = {isa = PBXBuildFile; fileRef = 1A16C37E20F66D7200616F51 /* CollectionViewVerticalFlowLayout.swift */; };
		1A6DCEE121CC6A76002C5FC0 /* GuidedCell+MakeDatasource.swift in Sources */ = {isa = PBXBuildFile; fileRef = 1A6DCEE021CC6A76002C5FC0 /* GuidedCell+MakeDatasource.swift */; };
		1A7D0ACA21B1AB240044011F /* Weapon+API.swift in Sources */ = {isa = PBXBuildFile; fileRef = 1A7D0AC921B1AB240044011F /* Weapon+API.swift */; };
		1A7D0ACC21B20CBB0044011F /* App+Provider.swift in Sources */ = {isa = PBXBuildFile; fileRef = 1A7D0ACB21B20CBB0044011F /* App+Provider.swift */; };
		1AAC97A022BC11A80084480D /* User.swift in Sources */ = {isa = PBXBuildFile; fileRef = 1AAC979F22BC11A80084480D /* User.swift */; };
		1AAC97A222BC11B10084480D /* User+Cells.swift in Sources */ = {isa = PBXBuildFile; fileRef = 1AAC97A122BC11B10084480D /* User+Cells.swift */; };
		1AB2077E20F6BBD000FF66D0 /* Weapon+Cells.swift in Sources */ = {isa = PBXBuildFile; fileRef = 1AB2077D20F6BBD000FF66D0 /* Weapon+Cells.swift */; };
		1AB2078020F6BBDD00FF66D0 /* Weapon+Datasources.swift in Sources */ = {isa = PBXBuildFile; fileRef = 1AB2077F20F6BBDD00FF66D0 /* Weapon+Datasources.swift */; };
		1AD5238D20F6C365006749D7 /* Weapon+Scenes.swift in Sources */ = {isa = PBXBuildFile; fileRef = 1AD5238C20F6C365006749D7 /* Weapon+Scenes.swift */; };
		1AD5239120F6C47F006749D7 /* Weapon.storyboard in Resources */ = {isa = PBXBuildFile; fileRef = 1AD5239020F6C47F006749D7 /* Weapon.storyboard */; };
		1AD5239320F6C4EF006749D7 /* Launchpad.swift in Sources */ = {isa = PBXBuildFile; fileRef = 1AD5239220F6C4EF006749D7 /* Launchpad.swift */; };
/* End PBXBuildFile section */

/* Begin PBXContainerItemProxy section */
		1A16C3A820F66FD700616F51 /* PBXContainerItemProxy */ = {
			isa = PBXContainerItemProxy;
			containerPortal = 1A16C33A20F66BE700616F51 /* Project object */;
			proxyType = 1;
			remoteGlobalIDString = 1A16C3A220F66FD700616F51;
			remoteInfo = AwesomeWeaponModel;
		};
		1A6DCE9E21CC4A96002C5FC0 /* PBXContainerItemProxy */ = {
			isa = PBXContainerItemProxy;
			containerPortal = 1A16C33A20F66BE700616F51 /* Project object */;
			proxyType = 1;
			remoteGlobalIDString = 1A6DCE9821CC4A95002C5FC0;
			remoteInfo = COGuide;
		};
/* End PBXContainerItemProxy section */

/* Begin PBXCopyFilesBuildPhase section */
		1A16C36820F66C1B00616F51 /* Embed Frameworks */ = {
			isa = PBXCopyFilesBuildPhase;
			buildActionMask = 2147483647;
			dstPath = "";
			dstSubfolderSpec = 10;
			files = (
				1A16C3AB20F66FD700616F51 /* AwesomeWeaponModel.framework in Embed Frameworks */,
				1A6DCEA121CC4A96002C5FC0 /* COGuide.framework in Embed Frameworks */,
			);
			name = "Embed Frameworks";
			runOnlyForDeploymentPostprocessing = 0;
		};
/* End PBXCopyFilesBuildPhase section */

/* Begin PBXFileReference section */
		1A16C34220F66BE700616F51 /* TryingEZDatasource.app */ = {isa = PBXFileReference; explicitFileType = wrapper.application; includeInIndex = 0; path = TryingEZDatasource.app; sourceTree = BUILT_PRODUCTS_DIR; };
		1A16C34520F66BE700616F51 /* AppDelegate.swift */ = {isa = PBXFileReference; lastKnownFileType = sourcecode.swift; path = AppDelegate.swift; sourceTree = "<group>"; };
		1A16C34A20F66BE700616F51 /* Base */ = {isa = PBXFileReference; lastKnownFileType = file.storyboard; name = Base; path = Base.lproj/Main.storyboard; sourceTree = "<group>"; };
		1A16C34C20F66BE800616F51 /* Assets.xcassets */ = {isa = PBXFileReference; lastKnownFileType = folder.assetcatalog; path = Assets.xcassets; sourceTree = "<group>"; };
		1A16C34F20F66BE800616F51 /* Base */ = {isa = PBXFileReference; lastKnownFileType = file.storyboard; name = Base; path = Base.lproj/LaunchScreen.storyboard; sourceTree = "<group>"; };
		1A16C35120F66BE800616F51 /* Info.plist */ = {isa = PBXFileReference; lastKnownFileType = text.plist.xml; path = Info.plist; sourceTree = "<group>"; };
		1A16C37020F66D7100616F51 /* CollectionDataSource.swift */ = {isa = PBXFileReference; fileEncoding = 4; lastKnownFileType = sourcecode.swift; path = CollectionDataSource.swift; sourceTree = "<group>"; };
		1A16C37520F66D7100616F51 /* StoreArrayDatasource.swift */ = {isa = PBXFileReference; fileEncoding = 4; lastKnownFileType = sourcecode.swift; path = StoreArrayDatasource.swift; sourceTree = "<group>"; };
		1A16C37620F66D7100616F51 /* CompositeDatasource.swift */ = {isa = PBXFileReference; fileEncoding = 4; lastKnownFileType = sourcecode.swift; path = CompositeDatasource.swift; sourceTree = "<group>"; };
		1A16C37920F66D7200616F51 /* ViewBuilder.swift */ = {isa = PBXFileReference; fileEncoding = 4; lastKnownFileType = sourcecode.swift; path = ViewBuilder.swift; sourceTree = "<group>"; };
		1A16C37E20F66D7200616F51 /* CollectionViewVerticalFlowLayout.swift */ = {isa = PBXFileReference; fileEncoding = 4; lastKnownFileType = sourcecode.swift; path = CollectionViewVerticalFlowLayout.swift; sourceTree = "<group>"; };
		1A16C39920F66F1400616F51 /* Weapon.swift */ = {isa = PBXFileReference; lastKnownFileType = sourcecode.swift; path = Weapon.swift; sourceTree = "<group>"; };
		1A16C3A320F66FD700616F51 /* AwesomeWeaponModel.framework */ = {isa = PBXFileReference; explicitFileType = wrapper.framework; includeInIndex = 0; path = AwesomeWeaponModel.framework; sourceTree = BUILT_PRODUCTS_DIR; };
		1A16C3A520F66FD700616F51 /* AwesomeWeaponModel.h */ = {isa = PBXFileReference; lastKnownFileType = sourcecode.c.h; path = AwesomeWeaponModel.h; sourceTree = "<group>"; };
		1A16C3A620F66FD700616F51 /* Info.plist */ = {isa = PBXFileReference; lastKnownFileType = text.plist.xml; path = Info.plist; sourceTree = "<group>"; };
		1A16C3B120F6700E00616F51 /* Weapon+Interactor.swift */ = {isa = PBXFileReference; lastKnownFileType = sourcecode.swift; path = "Weapon+Interactor.swift"; sourceTree = "<group>"; };
		1A16C3B320F6701B00616F51 /* Weapon+Store.swift */ = {isa = PBXFileReference; lastKnownFileType = sourcecode.swift; path = "Weapon+Store.swift"; sourceTree = "<group>"; };
		1A16C3B620F67DF800616F51 /* App.swift */ = {isa = PBXFileReference; lastKnownFileType = sourcecode.swift; path = App.swift; sourceTree = "<group>"; };
		1A28FF0021DEBAC200222493 /* Deal.swift */ = {isa = PBXFileReference; lastKnownFileType = sourcecode.swift; path = Deal.swift; sourceTree = "<group>"; };
		1A28FF0321DEBADB00222493 /* Deal+Cells.swift */ = {isa = PBXFileReference; lastKnownFileType = sourcecode.swift; path = "Deal+Cells.swift"; sourceTree = "<group>"; };
		1A28FF0821E41C1E00222493 /* User+Scenes.swift */ = {isa = PBXFileReference; lastKnownFileType = sourcecode.swift; path = "User+Scenes.swift"; sourceTree = "<group>"; };
		1A28FF0A21E53E5700222493 /* ReusableCellDrivenView.swift */ = {isa = PBXFileReference; lastKnownFileType = sourcecode.swift; path = ReusableCellDrivenView.swift; sourceTree = "<group>"; };
		1A4740092162C0FE003D75F0 /* Reducible.swift */ = {isa = PBXFileReference; lastKnownFileType = sourcecode.swift; path = Reducible.swift; sourceTree = "<group>"; };
		1A47400E2162C251003D75F0 /* Observable.swift */ = {isa = PBXFileReference; lastKnownFileType = sourcecode.swift; path = Observable.swift; sourceTree = "<group>"; };
		1A6DCE9921CC4A95002C5FC0 /* COGuide.framework */ = {isa = PBXFileReference; explicitFileType = wrapper.framework; includeInIndex = 0; path = COGuide.framework; sourceTree = BUILT_PRODUCTS_DIR; };
		1A6DCE9B21CC4A96002C5FC0 /* COGuide.h */ = {isa = PBXFileReference; lastKnownFileType = sourcecode.c.h; path = COGuide.h; sourceTree = "<group>"; };
		1A6DCE9C21CC4A96002C5FC0 /* Info.plist */ = {isa = PBXFileReference; lastKnownFileType = text.plist.xml; path = Info.plist; sourceTree = "<group>"; };
		1A6DCEA621CC4AB5002C5FC0 /* COG.swift */ = {isa = PBXFileReference; lastKnownFileType = sourcecode.swift; path = COG.swift; sourceTree = "<group>"; };
		1A6DCEB021CC4FA5002C5FC0 /* GuidedComponent+ForStoryboard.swift */ = {isa = PBXFileReference; lastKnownFileType = sourcecode.swift; path = "GuidedComponent+ForStoryboard.swift"; sourceTree = "<group>"; };
		1A6DCEB221CC4FB2002C5FC0 /* GuidedComponent+ForReuse.swift */ = {isa = PBXFileReference; lastKnownFileType = sourcecode.swift; path = "GuidedComponent+ForReuse.swift"; sourceTree = "<group>"; };
		1A6DCEB421CC5028002C5FC0 /* GuidedComponent.swift */ = {isa = PBXFileReference; lastKnownFileType = sourcecode.swift; path = GuidedComponent.swift; sourceTree = "<group>"; };
		1A6DCEB721CC50F7002C5FC0 /* README.md */ = {isa = PBXFileReference; lastKnownFileType = net.daringfireball.markdown; path = README.md; sourceTree = "<group>"; };
		1A6DCEB821CC517D002C5FC0 /* GuidedCollectionReusableView.swift */ = {isa = PBXFileReference; lastKnownFileType = sourcecode.swift; path = GuidedCollectionReusableView.swift; sourceTree = "<group>"; };
		1A6DCEBB21CC51CD002C5FC0 /* CollectionView+ReusableViews.swift */ = {isa = PBXFileReference; lastKnownFileType = sourcecode.swift; path = "CollectionView+ReusableViews.swift"; sourceTree = "<group>"; };
		1A6DCEC021CC537C002C5FC0 /* CellNib.swift */ = {isa = PBXFileReference; lastKnownFileType = sourcecode.swift; path = CellNib.swift; sourceTree = "<group>"; };
		1A6DCEC221CC53F6002C5FC0 /* GuidedCell.swift */ = {isa = PBXFileReference; lastKnownFileType = sourcecode.swift; path = GuidedCell.swift; sourceTree = "<group>"; };
		1A6DCEC721CC5702002C5FC0 /* GuidedCell+FilledWithView.swift */ = {isa = PBXFileReference; lastKnownFileType = sourcecode.swift; path = "GuidedCell+FilledWithView.swift"; sourceTree = "<group>"; };
		1A6DCED921CC62F5002C5FC0 /* GuidedCollectionViewCell.swift */ = {isa = PBXFileReference; lastKnownFileType = sourcecode.swift; path = GuidedCollectionViewCell.swift; sourceTree = "<group>"; };
		1A6DCEDB21CC638F002C5FC0 /* GuidedCollectionViewCellCase.swift */ = {isa = PBXFileReference; lastKnownFileType = sourcecode.swift; path = GuidedCollectionViewCellCase.swift; sourceTree = "<group>"; };
		1A6DCEE021CC6A76002C5FC0 /* GuidedCell+MakeDatasource.swift */ = {isa = PBXFileReference; lastKnownFileType = sourcecode.swift; path = "GuidedCell+MakeDatasource.swift"; sourceTree = "<group>"; };
		1A7D0AA721ACBC4C0044011F /* Observable+Event.swift */ = {isa = PBXFileReference; lastKnownFileType = sourcecode.swift; path = "Observable+Event.swift"; sourceTree = "<group>"; };
		1A7D0AAB21ACBCC50044011F /* Store.swift */ = {isa = PBXFileReference; lastKnownFileType = sourcecode.swift; path = Store.swift; sourceTree = "<group>"; };
		1A7D0AB221ADF1BA0044011F /* Reducer+Observable.swift */ = {isa = PBXFileReference; lastKnownFileType = sourcecode.swift; path = "Reducer+Observable.swift"; sourceTree = "<group>"; };
		1A7D0AB721ADFFD40044011F /* Collection+Interface.swift */ = {isa = PBXFileReference; lastKnownFileType = sourcecode.swift; path = "Collection+Interface.swift"; sourceTree = "<group>"; };
		1A7D0AC221AE0A520044011F /* ArrayStore.swift */ = {isa = PBXFileReference; lastKnownFileType = sourcecode.swift; path = ArrayStore.swift; sourceTree = "<group>"; };
		1A7D0AC421AE0A5B0044011F /* ArrayStore+Reducer.swift */ = {isa = PBXFileReference; lastKnownFileType = sourcecode.swift; path = "ArrayStore+Reducer.swift"; sourceTree = "<group>"; };
		1A7D0AC621AE0A670044011F /* ArrayStore+CollectionInterface.swift */ = {isa = PBXFileReference; lastKnownFileType = sourcecode.swift; path = "ArrayStore+CollectionInterface.swift"; sourceTree = "<group>"; };
		1A7D0AC921B1AB240044011F /* Weapon+API.swift */ = {isa = PBXFileReference; lastKnownFileType = sourcecode.swift; path = "Weapon+API.swift"; sourceTree = "<group>"; };
		1A7D0ACB21B20CBB0044011F /* App+Provider.swift */ = {isa = PBXFileReference; lastKnownFileType = sourcecode.swift; path = "App+Provider.swift"; sourceTree = "<group>"; };
		1AAC979F22BC11A80084480D /* User.swift */ = {isa = PBXFileReference; lastKnownFileType = sourcecode.swift; path = User.swift; sourceTree = "<group>"; };
		1AAC97A122BC11B10084480D /* User+Cells.swift */ = {isa = PBXFileReference; lastKnownFileType = sourcecode.swift; path = "User+Cells.swift"; sourceTree = "<group>"; };
		1AB2077D20F6BBD000FF66D0 /* Weapon+Cells.swift */ = {isa = PBXFileReference; lastKnownFileType = sourcecode.swift; path = "Weapon+Cells.swift"; sourceTree = "<group>"; };
		1AB2077F20F6BBDD00FF66D0 /* Weapon+Datasources.swift */ = {isa = PBXFileReference; lastKnownFileType = sourcecode.swift; path = "Weapon+Datasources.swift"; sourceTree = "<group>"; };
		1AD5238C20F6C365006749D7 /* Weapon+Scenes.swift */ = {isa = PBXFileReference; lastKnownFileType = sourcecode.swift; path = "Weapon+Scenes.swift"; sourceTree = "<group>"; };
		1AD5239020F6C47F006749D7 /* Weapon.storyboard */ = {isa = PBXFileReference; lastKnownFileType = file.storyboard; path = Weapon.storyboard; sourceTree = "<group>"; };
		1AD5239220F6C4EF006749D7 /* Launchpad.swift */ = {isa = PBXFileReference; lastKnownFileType = sourcecode.swift; path = Launchpad.swift; sourceTree = "<group>"; };
/* End PBXFileReference section */

/* Begin PBXFrameworksBuildPhase section */
		1A16C33F20F66BE700616F51 /* Frameworks */ = {
			isa = PBXFrameworksBuildPhase;
			buildActionMask = 2147483647;
			files = (
				1A16C3AA20F66FD700616F51 /* AwesomeWeaponModel.framework in Frameworks */,
				1A6DCEA021CC4A96002C5FC0 /* COGuide.framework in Frameworks */,
			);
			runOnlyForDeploymentPostprocessing = 0;
		};
		1A16C39F20F66FD700616F51 /* Frameworks */ = {
			isa = PBXFrameworksBuildPhase;
			buildActionMask = 2147483647;
			files = (
				1A6DCEDD21CC6788002C5FC0 /* COGuide.framework in Frameworks */,
			);
			runOnlyForDeploymentPostprocessing = 0;
		};
		1A6DCE9621CC4A95002C5FC0 /* Frameworks */ = {
			isa = PBXFrameworksBuildPhase;
			buildActionMask = 2147483647;
			files = (
			);
			runOnlyForDeploymentPostprocessing = 0;
		};
/* End PBXFrameworksBuildPhase section */

/* Begin PBXGroup section */
		1A16C33920F66BE700616F51 = {
			isa = PBXGroup;
			children = (
				1A16C34420F66BE700616F51 /* TryingEZDatasource */,
				1A16C3A420F66FD700616F51 /* AwesomeWeaponModel */,
				1A6DCE9A21CC4A96002C5FC0 /* COGuide */,
				1A16C34320F66BE700616F51 /* Products */,
				1AC723DC20F9472D0001C70F /* Frameworks */,
			);
			sourceTree = "<group>";
		};
		1A16C34320F66BE700616F51 /* Products */ = {
			isa = PBXGroup;
			children = (
				1A16C34220F66BE700616F51 /* TryingEZDatasource.app */,
				1A16C3A320F66FD700616F51 /* AwesomeWeaponModel.framework */,
				1A6DCE9921CC4A95002C5FC0 /* COGuide.framework */,
			);
			name = Products;
			sourceTree = "<group>";
		};
		1A16C34420F66BE700616F51 /* TryingEZDatasource */ = {
			isa = PBXGroup;
			children = (
				1A16C3B820F67E3200616F51 /* App */,
				1A28FF0521E41B9400222493 /* Fresh Start */,
				1AD5239420F6CA18006749D7 /* Support */,
			);
			path = TryingEZDatasource;
			sourceTree = "<group>";
		};
		1A16C36B20F66C7600616F51 /* Helpers */ = {
			isa = PBXGroup;
			children = (
				1A16C37E20F66D7200616F51 /* CollectionViewVerticalFlowLayout.swift */,
				1A16C37920F66D7200616F51 /* ViewBuilder.swift */,
			);
			path = Helpers;
			sourceTree = "<group>";
		};
		1A16C3A420F66FD700616F51 /* AwesomeWeaponModel */ = {
			isa = PBXGroup;
			children = (
				1A16C3A520F66FD700616F51 /* AwesomeWeaponModel.h */,
				1A16C3A620F66FD700616F51 /* Info.plist */,
				1A16C39920F66F1400616F51 /* Weapon.swift */,
				1A7D0AC921B1AB240044011F /* Weapon+API.swift */,
				1A16C3B320F6701B00616F51 /* Weapon+Store.swift */,
				1A16C3B120F6700E00616F51 /* Weapon+Interactor.swift */,
			);
			path = AwesomeWeaponModel;
			sourceTree = "<group>";
		};
		1A16C3B820F67E3200616F51 /* App */ = {
			isa = PBXGroup;
			children = (
				1A16C3B620F67DF800616F51 /* App.swift */,
				1A7D0ACB21B20CBB0044011F /* App+Provider.swift */,
				1A16C34920F66BE700616F51 /* Main.storyboard */,
				1AAC979922BC0F5E0084480D /* Modules */,
				1AAC979A22BC0F870084480D /* Scenes */,
				1AAC979B22BC0F9E0084480D /* Common */,
			);
			path = App;
			sourceTree = "<group>";
		};
		1A28FF0221DEBAC800222493 /* Deals */ = {
			isa = PBXGroup;
			children = (
				1A28FF0021DEBAC200222493 /* Deal.swift */,
				1A28FF0321DEBADB00222493 /* Deal+Cells.swift */,
			);
			path = Deals;
			sourceTree = "<group>";
		};
		1A28FF0521E41B9400222493 /* Fresh Start */ = {
			isa = PBXGroup;
			children = (
			);
			path = "Fresh Start";
			sourceTree = "<group>";
		};
		1A6DCE9A21CC4A96002C5FC0 /* COGuide */ = {
			isa = PBXGroup;
			children = (
				1A6DCEA621CC4AB5002C5FC0 /* COG.swift */,
				1A6DCED121CC5908002C5FC0 /* Library */,
				1A6DCEAB21CC4C76002C5FC0 /* ViewComponents */,
				1A6DCEAD21CC4D46002C5FC0 /* Collections */,
				1A6DCE9B21CC4A96002C5FC0 /* COGuide.h */,
				1A6DCE9C21CC4A96002C5FC0 /* Info.plist */,
				1A6DCEB721CC50F7002C5FC0 /* README.md */,
			);
			path = COGuide;
			sourceTree = "<group>";
		};
		1A6DCEA821CC4B00002C5FC0 /* CollectionViews */ = {
			isa = PBXGroup;
			children = (
				1A6DCEB821CC517D002C5FC0 /* GuidedCollectionReusableView.swift */,
				1A6DCED921CC62F5002C5FC0 /* GuidedCollectionViewCell.swift */,
				1A6DCEDB21CC638F002C5FC0 /* GuidedCollectionViewCellCase.swift */,
			);
			path = CollectionViews;
			sourceTree = "<group>";
		};
		1A6DCEA921CC4B15002C5FC0 /* GuidableCells */ = {
			isa = PBXGroup;
			children = (
				1A6DCEC221CC53F6002C5FC0 /* GuidedCell.swift */,
				1A6DCEC721CC5702002C5FC0 /* GuidedCell+FilledWithView.swift */,
			);
			path = GuidableCells;
			sourceTree = "<group>";
		};
		1A6DCEAB21CC4C76002C5FC0 /* ViewComponents */ = {
			isa = PBXGroup;
			children = (
				1A6DCEB421CC5028002C5FC0 /* GuidedComponent.swift */,
				1A6DCEB021CC4FA5002C5FC0 /* GuidedComponent+ForStoryboard.swift */,
				1A6DCEB221CC4FB2002C5FC0 /* GuidedComponent+ForReuse.swift */,
			);
			path = ViewComponents;
			sourceTree = "<group>";
		};
		1A6DCEAC21CC4D18002C5FC0 /* TableViews */ = {
			isa = PBXGroup;
			children = (
			);
			path = TableViews;
			sourceTree = "<group>";
		};
		1A6DCEAD21CC4D46002C5FC0 /* Collections */ = {
			isa = PBXGroup;
			children = (
				1A7D0AB721ADFFD40044011F /* Collection+Interface.swift */,
				1A6DCEA921CC4B15002C5FC0 /* GuidableCells */,
				1A6DCECD21CC58CC002C5FC0 /* Datasources */,
				1A6DCEA821CC4B00002C5FC0 /* CollectionViews */,
				1A6DCEAC21CC4D18002C5FC0 /* TableViews */,
			);
			path = Collections;
			sourceTree = "<group>";
		};
		1A6DCEAE21CC4DD7002C5FC0 /* Store */ = {
			isa = PBXGroup;
			children = (
				1A7D0AAB21ACBCC50044011F /* Store.swift */,
				1A7D0AC221AE0A520044011F /* ArrayStore.swift */,
				1A7D0AC421AE0A5B0044011F /* ArrayStore+Reducer.swift */,
				1A7D0AC621AE0A670044011F /* ArrayStore+CollectionInterface.swift */,
			);
			path = Store;
			sourceTree = "<group>";
		};
		1A6DCEBA21CC5196002C5FC0 /* Extensions */ = {
			isa = PBXGroup;
			children = (
				1A6DCEBB21CC51CD002C5FC0 /* CollectionView+ReusableViews.swift */,
			);
			path = Extensions;
			sourceTree = "<group>";
		};
		1A6DCEC421CC5406002C5FC0 /* Structures */ = {
			isa = PBXGroup;
			children = (
				1A6DCEC021CC537C002C5FC0 /* CellNib.swift */,
			);
			path = Structures;
			sourceTree = "<group>";
		};
		1A6DCECD21CC58CC002C5FC0 /* Datasources */ = {
			isa = PBXGroup;
			children = (
				1A16C37520F66D7100616F51 /* StoreArrayDatasource.swift */,
				1A16C37020F66D7100616F51 /* CollectionDataSource.swift */,
				1A16C37620F66D7100616F51 /* CompositeDatasource.swift */,
				1A6DCEE021CC6A76002C5FC0 /* GuidedCell+MakeDatasource.swift */,
				1A28FF0A21E53E5700222493 /* ReusableCellDrivenView.swift */,
			);
			path = Datasources;
			sourceTree = "<group>";
		};
		1A6DCED121CC5908002C5FC0 /* Library */ = {
			isa = PBXGroup;
			children = (
				1A6DCED321CC5951002C5FC0 /* Observing */,
				1A6DCED221CC5935002C5FC0 /* Reducing */,
				1A6DCEAE21CC4DD7002C5FC0 /* Store */,
				1A6DCEC421CC5406002C5FC0 /* Structures */,
				1A6DCEBA21CC5196002C5FC0 /* Extensions */,
			);
			path = Library;
			sourceTree = "<group>";
		};
		1A6DCED221CC5935002C5FC0 /* Reducing */ = {
			isa = PBXGroup;
			children = (
				1A4740092162C0FE003D75F0 /* Reducible.swift */,
				1A7D0AB221ADF1BA0044011F /* Reducer+Observable.swift */,
			);
			path = Reducing;
			sourceTree = "<group>";
		};
		1A6DCED321CC5951002C5FC0 /* Observing */ = {
			isa = PBXGroup;
			children = (
				1A47400E2162C251003D75F0 /* Observable.swift */,
				1A7D0AA721ACBC4C0044011F /* Observable+Event.swift */,
			);
			path = Observing;
			sourceTree = "<group>";
		};
		1AAC979922BC0F5E0084480D /* Modules */ = {
			isa = PBXGroup;
			children = (
				1AAC979D22BC11820084480D /* Users */,
				1AB2077C20F6BBC100FF66D0 /* Weapons */,
				1A28FF0221DEBAC800222493 /* Deals */,
			);
			path = Modules;
			sourceTree = "<group>";
		};
		1AAC979A22BC0F870084480D /* Scenes */ = {
			isa = PBXGroup;
			children = (
				1AAC97A322BC11DA0084480D /* User */,
				1AAC979C22BC0FF40084480D /* Weapon */,
			);
			path = Scenes;
			sourceTree = "<group>";
		};
		1AAC979B22BC0F9E0084480D /* Common */ = {
			isa = PBXGroup;
			children = (
				1A16C36B20F66C7600616F51 /* Helpers */,
			);
			path = Common;
			sourceTree = "<group>";
		};
		1AAC979C22BC0FF40084480D /* Weapon */ = {
			isa = PBXGroup;
			children = (
				1AD5238C20F6C365006749D7 /* Weapon+Scenes.swift */,
				1AD5239020F6C47F006749D7 /* Weapon.storyboard */,
			);
			path = Weapon;
			sourceTree = "<group>";
		};
		1AAC979D22BC11820084480D /* Users */ = {
			isa = PBXGroup;
			children = (
				1AAC979F22BC11A80084480D /* User.swift */,
				1AAC97A122BC11B10084480D /* User+Cells.swift */,
			);
			path = Users;
			sourceTree = "<group>";
		};
		1AAC97A322BC11DA0084480D /* User */ = {
			isa = PBXGroup;
			children = (
				1A28FF0821E41C1E00222493 /* User+Scenes.swift */,
			);
			path = User;
			sourceTree = "<group>";
		};
		1AB2077C20F6BBC100FF66D0 /* Weapons */ = {
			isa = PBXGroup;
			children = (
				1AB2077D20F6BBD000FF66D0 /* Weapon+Cells.swift */,
				1AB2077F20F6BBDD00FF66D0 /* Weapon+Datasources.swift */,
			);
			path = Weapons;
			sourceTree = "<group>";
		};
		1AC723DC20F9472D0001C70F /* Frameworks */ = {
			isa = PBXGroup;
			children = (
			);
			name = Frameworks;
			sourceTree = "<group>";
		};
		1AD5239420F6CA18006749D7 /* Support */ = {
			isa = PBXGroup;
			children = (
				1AD5239220F6C4EF006749D7 /* Launchpad.swift */,
				1A16C34E20F66BE800616F51 /* LaunchScreen.storyboard */,
				1A16C34520F66BE700616F51 /* AppDelegate.swift */,
				1A16C34C20F66BE800616F51 /* Assets.xcassets */,
				1A16C35120F66BE800616F51 /* Info.plist */,
			);
			path = Support;
			sourceTree = "<group>";
		};
/* End PBXGroup section */

/* Begin PBXHeadersBuildPhase section */
		1A16C3A020F66FD700616F51 /* Headers */ = {
			isa = PBXHeadersBuildPhase;
			buildActionMask = 2147483647;
			files = (
				1A16C3A720F66FD700616F51 /* AwesomeWeaponModel.h in Headers */,
			);
			runOnlyForDeploymentPostprocessing = 0;
		};
		1A6DCE9421CC4A95002C5FC0 /* Headers */ = {
			isa = PBXHeadersBuildPhase;
			buildActionMask = 2147483647;
			files = (
				1A6DCE9D21CC4A96002C5FC0 /* COGuide.h in Headers */,
			);
			runOnlyForDeploymentPostprocessing = 0;
		};
/* End PBXHeadersBuildPhase section */

/* Begin PBXNativeTarget section */
		1A16C34120F66BE700616F51 /* TryingEZDatasource */ = {
			isa = PBXNativeTarget;
			buildConfigurationList = 1A16C35420F66BE800616F51 /* Build configuration list for PBXNativeTarget "TryingEZDatasource" */;
			buildPhases = (
				1A16C33E20F66BE700616F51 /* Sources */,
				1A16C33F20F66BE700616F51 /* Frameworks */,
				1A16C34020F66BE700616F51 /* Resources */,
				1A16C36820F66C1B00616F51 /* Embed Frameworks */,
			);
			buildRules = (
			);
			dependencies = (
				1A16C3A920F66FD700616F51 /* PBXTargetDependency */,
				1A6DCE9F21CC4A96002C5FC0 /* PBXTargetDependency */,
			);
			name = TryingEZDatasource;
			productName = TryingEZDatasource;
			productReference = 1A16C34220F66BE700616F51 /* TryingEZDatasource.app */;
			productType = "com.apple.product-type.application";
		};
		1A16C3A220F66FD700616F51 /* AwesomeWeaponModel */ = {
			isa = PBXNativeTarget;
			buildConfigurationList = 1A16C3AC20F66FD700616F51 /* Build configuration list for PBXNativeTarget "AwesomeWeaponModel" */;
			buildPhases = (
				1A16C39E20F66FD700616F51 /* Sources */,
				1A16C39F20F66FD700616F51 /* Frameworks */,
				1A16C3A020F66FD700616F51 /* Headers */,
				1A16C3A120F66FD700616F51 /* Resources */,
			);
			buildRules = (
			);
			dependencies = (
			);
			name = AwesomeWeaponModel;
			productName = AwesomeWeaponModel;
			productReference = 1A16C3A320F66FD700616F51 /* AwesomeWeaponModel.framework */;
			productType = "com.apple.product-type.framework";
		};
		1A6DCE9821CC4A95002C5FC0 /* COGuide */ = {
			isa = PBXNativeTarget;
			buildConfigurationList = 1A6DCEA221CC4A96002C5FC0 /* Build configuration list for PBXNativeTarget "COGuide" */;
			buildPhases = (
				1A6DCE9421CC4A95002C5FC0 /* Headers */,
				1A6DCE9521CC4A95002C5FC0 /* Sources */,
				1A6DCE9621CC4A95002C5FC0 /* Frameworks */,
				1A6DCE9721CC4A95002C5FC0 /* Resources */,
			);
			buildRules = (
			);
			dependencies = (
			);
			name = COGuide;
			productName = COGuide;
			productReference = 1A6DCE9921CC4A95002C5FC0 /* COGuide.framework */;
			productType = "com.apple.product-type.framework";
		};
/* End PBXNativeTarget section */

/* Begin PBXProject section */
		1A16C33A20F66BE700616F51 /* Project object */ = {
			isa = PBXProject;
			attributes = {
				LastSwiftUpdateCheck = 1010;
				LastUpgradeCheck = 0940;
				ORGANIZATIONNAME = "Dominic Rodriquez";
				TargetAttributes = {
					1A16C34120F66BE700616F51 = {
						CreatedOnToolsVersion = 9.4.1;
					};
					1A16C3A220F66FD700616F51 = {
						CreatedOnToolsVersion = 9.4.1;
						LastSwiftMigration = 1100;
					};
					1A6DCE9821CC4A95002C5FC0 = {
						CreatedOnToolsVersion = 10.1;
						LastSwiftMigration = 1100;
					};
				};
			};
			buildConfigurationList = 1A16C33D20F66BE700616F51 /* Build configuration list for PBXProject "TryingEZDatasource" */;
			compatibilityVersion = "Xcode 9.3";
			developmentRegion = en;
			hasScannedForEncodings = 0;
			knownRegions = (
				en,
				Base,
			);
			mainGroup = 1A16C33920F66BE700616F51;
			productRefGroup = 1A16C34320F66BE700616F51 /* Products */;
			projectDirPath = "";
			projectRoot = "";
			targets = (
				1A16C34120F66BE700616F51 /* TryingEZDatasource */,
				1A16C3A220F66FD700616F51 /* AwesomeWeaponModel */,
				1A6DCE9821CC4A95002C5FC0 /* COGuide */,
			);
		};
/* End PBXProject section */

/* Begin PBXResourcesBuildPhase section */
		1A16C34020F66BE700616F51 /* Resources */ = {
			isa = PBXResourcesBuildPhase;
			buildActionMask = 2147483647;
			files = (
				1A16C35020F66BE800616F51 /* LaunchScreen.storyboard in Resources */,
				1A16C34D20F66BE800616F51 /* Assets.xcassets in Resources */,
				1AD5239120F6C47F006749D7 /* Weapon.storyboard in Resources */,
				1A16C34B20F66BE700616F51 /* Main.storyboard in Resources */,
			);
			runOnlyForDeploymentPostprocessing = 0;
		};
		1A16C3A120F66FD700616F51 /* Resources */ = {
			isa = PBXResourcesBuildPhase;
			buildActionMask = 2147483647;
			files = (
			);
			runOnlyForDeploymentPostprocessing = 0;
		};
		1A6DCE9721CC4A95002C5FC0 /* Resources */ = {
			isa = PBXResourcesBuildPhase;
			buildActionMask = 2147483647;
			files = (
			);
			runOnlyForDeploymentPostprocessing = 0;
		};
/* End PBXResourcesBuildPhase section */

/* Begin PBXSourcesBuildPhase section */
		1A16C33E20F66BE700616F51 /* Sources */ = {
			isa = PBXSourcesBuildPhase;
			buildActionMask = 2147483647;
			files = (
				1AAC97A022BC11A80084480D /* User.swift in Sources */,
				1AD5239320F6C4EF006749D7 /* Launchpad.swift in Sources */,
				1A28FF0121DEBAC200222493 /* Deal.swift in Sources */,
				1A16C3B720F67DF800616F51 /* App.swift in Sources */,
				1AB2077E20F6BBD000FF66D0 /* Weapon+Cells.swift in Sources */,
				1A7D0ACC21B20CBB0044011F /* App+Provider.swift in Sources */,
				1AAC97A222BC11B10084480D /* User+Cells.swift in Sources */,
				1AD5238D20F6C365006749D7 /* Weapon+Scenes.swift in Sources */,
				1AB2078020F6BBDD00FF66D0 /* Weapon+Datasources.swift in Sources */,
				1A28FF0921E41C1E00222493 /* User+Scenes.swift in Sources */,
				1A6DCEDF21CC68C8002C5FC0 /* CollectionViewVerticalFlowLayout.swift in Sources */,
				1A6DCEDE21CC68C3002C5FC0 /* ViewBuilder.swift in Sources */,
				1A16C34620F66BE700616F51 /* AppDelegate.swift in Sources */,
				1A28FF0421DEBADB00222493 /* Deal+Cells.swift in Sources */,
			);
			runOnlyForDeploymentPostprocessing = 0;
		};
		1A16C39E20F66FD700616F51 /* Sources */ = {
			isa = PBXSourcesBuildPhase;
			buildActionMask = 2147483647;
			files = (
				1A16C3AF20F66FE400616F51 /* Weapon.swift in Sources */,
				1A7D0ACA21B1AB240044011F /* Weapon+API.swift in Sources */,
				1A16C3B220F6700E00616F51 /* Weapon+Interactor.swift in Sources */,
				1A16C3B420F6701B00616F51 /* Weapon+Store.swift in Sources */,
			);
			runOnlyForDeploymentPostprocessing = 0;
		};
		1A6DCE9521CC4A95002C5FC0 /* Sources */ = {
			isa = PBXSourcesBuildPhase;
			buildActionMask = 2147483647;
			files = (
				1A6DCEE121CC6A76002C5FC0 /* GuidedCell+MakeDatasource.swift in Sources */,
				1A6DCEDC21CC638F002C5FC0 /* GuidedCollectionViewCellCase.swift in Sources */,
				1A6DCEDA21CC62F5002C5FC0 /* GuidedCollectionViewCell.swift in Sources */,
				1A6DCECB21CC58A4002C5FC0 /* ArrayStore+Reducer.swift in Sources */,
				1A6DCED721CC597F002C5FC0 /* Reducer+Observable.swift in Sources */,
				1A6DCED521CC5979002C5FC0 /* Observable+Event.swift in Sources */,
				1A6DCED621CC597C002C5FC0 /* Reducible.swift in Sources */,
				1A6DCEC321CC53F6002C5FC0 /* GuidedCell.swift in Sources */,
				1A6DCED021CC58E6002C5FC0 /* CompositeDatasource.swift in Sources */,
				1A6DCEB921CC517D002C5FC0 /* GuidedCollectionReusableView.swift in Sources */,
				1A6DCEC121CC537C002C5FC0 /* CellNib.swift in Sources */,
				1A6DCED821CC59DD002C5FC0 /* Collection+Interface.swift in Sources */,
				1A28FF0B21E53E5700222493 /* ReusableCellDrivenView.swift in Sources */,
				1A6DCEB121CC4FA5002C5FC0 /* GuidedComponent+ForStoryboard.swift in Sources */,
				1A6DCECC21CC58A7002C5FC0 /* ArrayStore+CollectionInterface.swift in Sources */,
				1A6DCEB521CC5028002C5FC0 /* GuidedComponent.swift in Sources */,
				1A6DCEC921CC589D002C5FC0 /* Store.swift in Sources */,
				1A6DCEB321CC4FB2002C5FC0 /* GuidedComponent+ForReuse.swift in Sources */,
				1A6DCEBC21CC51CD002C5FC0 /* CollectionView+ReusableViews.swift in Sources */,
				1A6DCECE21CC58DE002C5FC0 /* StoreArrayDatasource.swift in Sources */,
				1A6DCED421CC5975002C5FC0 /* Observable.swift in Sources */,
				1A6DCEA721CC4AB5002C5FC0 /* COG.swift in Sources */,
				1A6DCECA21CC58A0002C5FC0 /* ArrayStore.swift in Sources */,
				1A6DCEC821CC5702002C5FC0 /* GuidedCell+FilledWithView.swift in Sources */,
				1A6DCECF21CC58E2002C5FC0 /* CollectionDataSource.swift in Sources */,
			);
			runOnlyForDeploymentPostprocessing = 0;
		};
/* End PBXSourcesBuildPhase section */

/* Begin PBXTargetDependency section */
		1A16C3A920F66FD700616F51 /* PBXTargetDependency */ = {
			isa = PBXTargetDependency;
			target = 1A16C3A220F66FD700616F51 /* AwesomeWeaponModel */;
			targetProxy = 1A16C3A820F66FD700616F51 /* PBXContainerItemProxy */;
		};
		1A6DCE9F21CC4A96002C5FC0 /* PBXTargetDependency */ = {
			isa = PBXTargetDependency;
			target = 1A6DCE9821CC4A95002C5FC0 /* COGuide */;
			targetProxy = 1A6DCE9E21CC4A96002C5FC0 /* PBXContainerItemProxy */;
		};
/* End PBXTargetDependency section */

/* Begin PBXVariantGroup section */
		1A16C34920F66BE700616F51 /* Main.storyboard */ = {
			isa = PBXVariantGroup;
			children = (
				1A16C34A20F66BE700616F51 /* Base */,
			);
			name = Main.storyboard;
			sourceTree = "<group>";
		};
		1A16C34E20F66BE800616F51 /* LaunchScreen.storyboard */ = {
			isa = PBXVariantGroup;
			children = (
				1A16C34F20F66BE800616F51 /* Base */,
			);
			name = LaunchScreen.storyboard;
			sourceTree = "<group>";
		};
/* End PBXVariantGroup section */

/* Begin XCBuildConfiguration section */
		1A16C35220F66BE800616F51 /* Debug */ = {
			isa = XCBuildConfiguration;
			buildSettings = {
				ALWAYS_SEARCH_USER_PATHS = NO;
				CLANG_ANALYZER_NONNULL = YES;
				CLANG_ANALYZER_NUMBER_OBJECT_CONVERSION = YES_AGGRESSIVE;
				CLANG_CXX_LANGUAGE_STANDARD = "gnu++14";
				CLANG_CXX_LIBRARY = "libc++";
				CLANG_ENABLE_MODULES = YES;
				CLANG_ENABLE_OBJC_ARC = YES;
				CLANG_ENABLE_OBJC_WEAK = YES;
				CLANG_WARN_BLOCK_CAPTURE_AUTORELEASING = YES;
				CLANG_WARN_BOOL_CONVERSION = YES;
				CLANG_WARN_COMMA = YES;
				CLANG_WARN_CONSTANT_CONVERSION = YES;
				CLANG_WARN_DEPRECATED_OBJC_IMPLEMENTATIONS = YES;
				CLANG_WARN_DIRECT_OBJC_ISA_USAGE = YES_ERROR;
				CLANG_WARN_DOCUMENTATION_COMMENTS = YES;
				CLANG_WARN_EMPTY_BODY = YES;
				CLANG_WARN_ENUM_CONVERSION = YES;
				CLANG_WARN_INFINITE_RECURSION = YES;
				CLANG_WARN_INT_CONVERSION = YES;
				CLANG_WARN_NON_LITERAL_NULL_CONVERSION = YES;
				CLANG_WARN_OBJC_IMPLICIT_RETAIN_SELF = YES;
				CLANG_WARN_OBJC_LITERAL_CONVERSION = YES;
				CLANG_WARN_OBJC_ROOT_CLASS = YES_ERROR;
				CLANG_WARN_RANGE_LOOP_ANALYSIS = YES;
				CLANG_WARN_STRICT_PROTOTYPES = YES;
				CLANG_WARN_SUSPICIOUS_MOVE = YES;
				CLANG_WARN_UNGUARDED_AVAILABILITY = YES_AGGRESSIVE;
				CLANG_WARN_UNREACHABLE_CODE = YES;
				CLANG_WARN__DUPLICATE_METHOD_MATCH = YES;
				CODE_SIGN_IDENTITY = "iPhone Developer";
				COPY_PHASE_STRIP = NO;
				DEBUG_INFORMATION_FORMAT = dwarf;
				ENABLE_STRICT_OBJC_MSGSEND = YES;
				ENABLE_TESTABILITY = YES;
				GCC_C_LANGUAGE_STANDARD = gnu11;
				GCC_DYNAMIC_NO_PIC = NO;
				GCC_NO_COMMON_BLOCKS = YES;
				GCC_OPTIMIZATION_LEVEL = 0;
				GCC_PREPROCESSOR_DEFINITIONS = (
					"DEBUG=1",
					"$(inherited)",
				);
				GCC_WARN_64_TO_32_BIT_CONVERSION = YES;
				GCC_WARN_ABOUT_RETURN_TYPE = YES_ERROR;
				GCC_WARN_UNDECLARED_SELECTOR = YES;
				GCC_WARN_UNINITIALIZED_AUTOS = YES_AGGRESSIVE;
				GCC_WARN_UNUSED_FUNCTION = YES;
				GCC_WARN_UNUSED_VARIABLE = YES;
				IPHONEOS_DEPLOYMENT_TARGET = 11.4;
				MTL_ENABLE_DEBUG_INFO = YES;
				ONLY_ACTIVE_ARCH = YES;
				SDKROOT = iphoneos;
				SWIFT_ACTIVE_COMPILATION_CONDITIONS = DEBUG;
				SWIFT_OPTIMIZATION_LEVEL = "-Onone";
			};
			name = Debug;
		};
		1A16C35320F66BE800616F51 /* Release */ = {
			isa = XCBuildConfiguration;
			buildSettings = {
				ALWAYS_SEARCH_USER_PATHS = NO;
				CLANG_ANALYZER_NONNULL = YES;
				CLANG_ANALYZER_NUMBER_OBJECT_CONVERSION = YES_AGGRESSIVE;
				CLANG_CXX_LANGUAGE_STANDARD = "gnu++14";
				CLANG_CXX_LIBRARY = "libc++";
				CLANG_ENABLE_MODULES = YES;
				CLANG_ENABLE_OBJC_ARC = YES;
				CLANG_ENABLE_OBJC_WEAK = YES;
				CLANG_WARN_BLOCK_CAPTURE_AUTORELEASING = YES;
				CLANG_WARN_BOOL_CONVERSION = YES;
				CLANG_WARN_COMMA = YES;
				CLANG_WARN_CONSTANT_CONVERSION = YES;
				CLANG_WARN_DEPRECATED_OBJC_IMPLEMENTATIONS = YES;
				CLANG_WARN_DIRECT_OBJC_ISA_USAGE = YES_ERROR;
				CLANG_WARN_DOCUMENTATION_COMMENTS = YES;
				CLANG_WARN_EMPTY_BODY = YES;
				CLANG_WARN_ENUM_CONVERSION = YES;
				CLANG_WARN_INFINITE_RECURSION = YES;
				CLANG_WARN_INT_CONVERSION = YES;
				CLANG_WARN_NON_LITERAL_NULL_CONVERSION = YES;
				CLANG_WARN_OBJC_IMPLICIT_RETAIN_SELF = YES;
				CLANG_WARN_OBJC_LITERAL_CONVERSION = YES;
				CLANG_WARN_OBJC_ROOT_CLASS = YES_ERROR;
				CLANG_WARN_RANGE_LOOP_ANALYSIS = YES;
				CLANG_WARN_STRICT_PROTOTYPES = YES;
				CLANG_WARN_SUSPICIOUS_MOVE = YES;
				CLANG_WARN_UNGUARDED_AVAILABILITY = YES_AGGRESSIVE;
				CLANG_WARN_UNREACHABLE_CODE = YES;
				CLANG_WARN__DUPLICATE_METHOD_MATCH = YES;
				CODE_SIGN_IDENTITY = "iPhone Developer";
				COPY_PHASE_STRIP = NO;
				DEBUG_INFORMATION_FORMAT = "dwarf-with-dsym";
				ENABLE_NS_ASSERTIONS = NO;
				ENABLE_STRICT_OBJC_MSGSEND = YES;
				GCC_C_LANGUAGE_STANDARD = gnu11;
				GCC_NO_COMMON_BLOCKS = YES;
				GCC_WARN_64_TO_32_BIT_CONVERSION = YES;
				GCC_WARN_ABOUT_RETURN_TYPE = YES_ERROR;
				GCC_WARN_UNDECLARED_SELECTOR = YES;
				GCC_WARN_UNINITIALIZED_AUTOS = YES_AGGRESSIVE;
				GCC_WARN_UNUSED_FUNCTION = YES;
				GCC_WARN_UNUSED_VARIABLE = YES;
				IPHONEOS_DEPLOYMENT_TARGET = 11.4;
				MTL_ENABLE_DEBUG_INFO = NO;
				SDKROOT = iphoneos;
				SWIFT_COMPILATION_MODE = wholemodule;
				SWIFT_OPTIMIZATION_LEVEL = "-O";
				VALIDATE_PRODUCT = YES;
			};
			name = Release;
		};
		1A16C35520F66BE800616F51 /* Debug */ = {
			isa = XCBuildConfiguration;
			buildSettings = {
				ALWAYS_EMBED_SWIFT_STANDARD_LIBRARIES = YES;
				ASSETCATALOG_COMPILER_APPICON_NAME = AppIcon;
				CODE_SIGN_STYLE = Automatic;
				DEVELOPMENT_TEAM = 26NVJ229DV;
				INFOPLIST_FILE = TryingEZDatasource/Support/Info.plist;
				LD_RUNPATH_SEARCH_PATHS = (
					"$(inherited)",
					"@executable_path/Frameworks",
				);
				PRODUCT_BUNDLE_IDENTIFIER = com.dom.TryingEZDatasource.TryingEZDatasource;
				PRODUCT_NAME = "$(TARGET_NAME)";
				SWIFT_VERSION = 4.0;
				TARGETED_DEVICE_FAMILY = "1,2";
			};
			name = Debug;
		};
		1A16C35620F66BE800616F51 /* Release */ = {
			isa = XCBuildConfiguration;
			buildSettings = {
				ALWAYS_EMBED_SWIFT_STANDARD_LIBRARIES = YES;
				ASSETCATALOG_COMPILER_APPICON_NAME = AppIcon;
				CODE_SIGN_STYLE = Automatic;
				DEVELOPMENT_TEAM = 26NVJ229DV;
				INFOPLIST_FILE = TryingEZDatasource/Support/Info.plist;
				LD_RUNPATH_SEARCH_PATHS = (
					"$(inherited)",
					"@executable_path/Frameworks",
				);
				PRODUCT_BUNDLE_IDENTIFIER = com.dom.TryingEZDatasource.TryingEZDatasource;
				PRODUCT_NAME = "$(TARGET_NAME)";
				SWIFT_VERSION = 4.0;
				TARGETED_DEVICE_FAMILY = "1,2";
			};
			name = Release;
		};
		1A16C3AD20F66FD700616F51 /* Debug */ = {
			isa = XCBuildConfiguration;
			buildSettings = {
				CODE_SIGN_IDENTITY = "";
				CODE_SIGN_STYLE = Automatic;
				CURRENT_PROJECT_VERSION = 1;
				DEFINES_MODULE = YES;
				DEVELOPMENT_TEAM = 26NVJ229DV;
				DYLIB_COMPATIBILITY_VERSION = 1;
				DYLIB_CURRENT_VERSION = 1;
				DYLIB_INSTALL_NAME_BASE = "@rpath";
				INFOPLIST_FILE = AwesomeWeaponModel/Info.plist;
				INSTALL_PATH = "$(LOCAL_LIBRARY_DIR)/Frameworks";
				LD_RUNPATH_SEARCH_PATHS = (
					"$(inherited)",
					"@executable_path/Frameworks",
					"@loader_path/Frameworks",
				);
				PRODUCT_BUNDLE_IDENTIFIER = com.dom.AwesomeWeaponModel.AwesomeWeaponModel;
				PRODUCT_NAME = "$(TARGET_NAME:c99extidentifier)";
				SKIP_INSTALL = YES;
				SWIFT_VERSION = 5.0;
				TARGETED_DEVICE_FAMILY = "1,2";
				VERSIONING_SYSTEM = "apple-generic";
				VERSION_INFO_PREFIX = "";
			};
			name = Debug;
		};
		1A16C3AE20F66FD700616F51 /* Release */ = {
			isa = XCBuildConfiguration;
			buildSettings = {
				CODE_SIGN_IDENTITY = "";
				CODE_SIGN_STYLE = Automatic;
				CURRENT_PROJECT_VERSION = 1;
				DEFINES_MODULE = YES;
				DEVELOPMENT_TEAM = 26NVJ229DV;
				DYLIB_COMPATIBILITY_VERSION = 1;
				DYLIB_CURRENT_VERSION = 1;
				DYLIB_INSTALL_NAME_BASE = "@rpath";
				INFOPLIST_FILE = AwesomeWeaponModel/Info.plist;
				INSTALL_PATH = "$(LOCAL_LIBRARY_DIR)/Frameworks";
				LD_RUNPATH_SEARCH_PATHS = (
					"$(inherited)",
					"@executable_path/Frameworks",
					"@loader_path/Frameworks",
				);
				PRODUCT_BUNDLE_IDENTIFIER = com.dom.AwesomeWeaponModel.AwesomeWeaponModel;
				PRODUCT_NAME = "$(TARGET_NAME:c99extidentifier)";
				SKIP_INSTALL = YES;
				SWIFT_VERSION = 5.0;
				TARGETED_DEVICE_FAMILY = "1,2";
				VERSIONING_SYSTEM = "apple-generic";
				VERSION_INFO_PREFIX = "";
			};
			name = Release;
		};
		1A6DCEA321CC4A96002C5FC0 /* Debug */ = {
			isa = XCBuildConfiguration;
			buildSettings = {
				CLANG_ENABLE_MODULES = YES;
				CODE_SIGN_IDENTITY = "";
				CODE_SIGN_STYLE = Automatic;
				CURRENT_PROJECT_VERSION = 1;
				DEFINES_MODULE = YES;
				DEVELOPMENT_TEAM = 26NVJ229DV;
				DYLIB_COMPATIBILITY_VERSION = 1;
				DYLIB_CURRENT_VERSION = 1;
				DYLIB_INSTALL_NAME_BASE = "@rpath";
				INFOPLIST_FILE = COGuide/Info.plist;
				INSTALL_PATH = "$(LOCAL_LIBRARY_DIR)/Frameworks";
				IPHONEOS_DEPLOYMENT_TARGET = 11.4;
				LD_RUNPATH_SEARCH_PATHS = (
					"$(inherited)",
					"@executable_path/Frameworks",
					"@loader_path/Frameworks",
				);
				MTL_ENABLE_DEBUG_INFO = INCLUDE_SOURCE;
				MTL_FAST_MATH = YES;
				PRODUCT_BUNDLE_IDENTIFIER = com.Slickdeals.COGuide;
				PRODUCT_NAME = "$(TARGET_NAME:c99extidentifier)";
				SKIP_INSTALL = YES;
				SWIFT_OPTIMIZATION_LEVEL = "-Onone";
				SWIFT_VERSION = 5.0;
				TARGETED_DEVICE_FAMILY = "1,2";
				VERSIONING_SYSTEM = "apple-generic";
				VERSION_INFO_PREFIX = "";
			};
			name = Debug;
		};
		1A6DCEA421CC4A96002C5FC0 /* Release */ = {
			isa = XCBuildConfiguration;
			buildSettings = {
				CLANG_ENABLE_MODULES = YES;
				CODE_SIGN_IDENTITY = "";
				CODE_SIGN_STYLE = Automatic;
				CURRENT_PROJECT_VERSION = 1;
				DEFINES_MODULE = YES;
				DEVELOPMENT_TEAM = 26NVJ229DV;
				DYLIB_COMPATIBILITY_VERSION = 1;
				DYLIB_CURRENT_VERSION = 1;
				DYLIB_INSTALL_NAME_BASE = "@rpath";
				INFOPLIST_FILE = COGuide/Info.plist;
				INSTALL_PATH = "$(LOCAL_LIBRARY_DIR)/Frameworks";
				IPHONEOS_DEPLOYMENT_TARGET = 11.4;
				LD_RUNPATH_SEARCH_PATHS = (
					"$(inherited)",
					"@executable_path/Frameworks",
					"@loader_path/Frameworks",
				);
				MTL_FAST_MATH = YES;
				PRODUCT_BUNDLE_IDENTIFIER = com.Slickdeals.COGuide;
				PRODUCT_NAME = "$(TARGET_NAME:c99extidentifier)";
				SKIP_INSTALL = YES;
				SWIFT_VERSION = 5.0;
				TARGETED_DEVICE_FAMILY = "1,2";
				VERSIONING_SYSTEM = "apple-generic";
				VERSION_INFO_PREFIX = "";
			};
			name = Release;
		};
/* End XCBuildConfiguration section */

/* Begin XCConfigurationList section */
		1A16C33D20F66BE700616F51 /* Build configuration list for PBXProject "TryingEZDatasource" */ = {
			isa = XCConfigurationList;
			buildConfigurations = (
				1A16C35220F66BE800616F51 /* Debug */,
				1A16C35320F66BE800616F51 /* Release */,
			);
			defaultConfigurationIsVisible = 0;
			defaultConfigurationName = Release;
		};
		1A16C35420F66BE800616F51 /* Build configuration list for PBXNativeTarget "TryingEZDatasource" */ = {
			isa = XCConfigurationList;
			buildConfigurations = (
				1A16C35520F66BE800616F51 /* Debug */,
				1A16C35620F66BE800616F51 /* Release */,
			);
			defaultConfigurationIsVisible = 0;
			defaultConfigurationName = Release;
		};
		1A16C3AC20F66FD700616F51 /* Build configuration list for PBXNativeTarget "AwesomeWeaponModel" */ = {
			isa = XCConfigurationList;
			buildConfigurations = (
				1A16C3AD20F66FD700616F51 /* Debug */,
				1A16C3AE20F66FD700616F51 /* Release */,
			);
			defaultConfigurationIsVisible = 0;
			defaultConfigurationName = Release;
		};
		1A6DCEA221CC4A96002C5FC0 /* Build configuration list for PBXNativeTarget "COGuide" */ = {
			isa = XCConfigurationList;
			buildConfigurations = (
				1A6DCEA321CC4A96002C5FC0 /* Debug */,
				1A6DCEA421CC4A96002C5FC0 /* Release */,
			);
			defaultConfigurationIsVisible = 0;
			defaultConfigurationName = Release;
		};
/* End XCConfigurationList section */
	};
	rootObject = 1A16C33A20F66BE700616F51 /* Project object */;
}
